{
  "nodes": {
    "agenix": {
      "inputs": {
        "nixpkgs": [
          "nixpkgs"
        ]
      },
      "locked": {
        "lastModified": 1665870395,
        "narHash": "sha256-Tsbqb27LDNxOoPLh0gw2hIb6L/6Ow/6lIBvqcHzEKBI=",
        "owner": "ryantm",
        "repo": "agenix",
        "rev": "a630400067c6d03c9b3e0455347dc8559db14288",
        "type": "github"
      },
      "original": {
        "owner": "ryantm",
        "repo": "agenix",
        "type": "github"
      }
    },
    "authfish": {
      "inputs": {
        "flake-utils": [
          "flake-utils"
        ],
        "nixpkgs": [
          "nixpkgs"
        ]
      },
      "locked": {
        "lastModified": 1673141178,
        "narHash": "sha256-c7+NqCV+SK5b8H0/cJvPK2Y70Fy+J08cNAFCeldrjX0=",
        "owner": "andrewhamon",
        "repo": "authfish",
        "rev": "d7125e03f90f2d16b343c150e710d14d9cab93d5",
        "type": "github"
      },
      "original": {
        "owner": "andrewhamon",
        "repo": "authfish",
        "type": "github"
      }
    },
    "darwin": {
      "inputs": {
        "nixpkgs": [
          "nixpkgs"
        ]
      },
      "locked": {
        "lastModified": 1671891118,
        "narHash": "sha256-+GJYiT7QbfA306ex4sGMlFB8Ts297pn3OdQ9kTd4aDw=",
        "owner": "lnl7",
        "repo": "nix-darwin",
        "rev": "267040e7a2b8644f1fdfcf57b7e808c286dbdc7b",
        "type": "github"
      },
      "original": {
        "owner": "lnl7",
        "ref": "master",
        "repo": "nix-darwin",
        "type": "github"
      }
    },
    "flake-utils": {
      "locked": {
        "lastModified": 1667395993,
        "narHash": "sha256-nuEHfE/LcWyuSWnS8t12N1wc105Qtau+/OdUAjtQ0rA=",
        "owner": "numtide",
        "repo": "flake-utils",
        "rev": "5aed5285a952e0b949eb3ba02c12fa4fcfef535f",
        "type": "github"
      },
      "original": {
        "owner": "numtide",
        "repo": "flake-utils",
        "type": "github"
      }
    },
    "home-manager": {
      "inputs": {
        "nixpkgs": [
          "nixpkgs"
        ]
      },
      "locked": {
        "lastModified": 1667907331,
        "narHash": "sha256-bHkAwkYlBjkupPUFcQjimNS8gxWSWjOTevEuwdnp5m0=",
        "owner": "nix-community",
        "repo": "home-manager",
        "rev": "6639e3a837fc5deb6f99554072789724997bc8e5",
        "type": "github"
      },
      "original": {
        "owner": "nix-community",
        "ref": "release-22.05",
        "repo": "home-manager",
        "type": "github"
      }
    },
    "homeage": {
      "inputs": {
        "nixpkgs": [
          "nixpkgs"
        ]
      },
      "locked": {
        "lastModified": 1669234151,
        "narHash": "sha256-TwT87E3m2TZLgwYJESlype14HxUOrRGojPM5C2akrMg=",
        "owner": "jordanisaacs",
        "repo": "homeage",
        "rev": "02bfe4ca06962d222e522fff0240c93946b20278",
        "type": "github"
      },
      "original": {
        "owner": "jordanisaacs",
        "repo": "homeage",
        "type": "github"
      }
    },
    "naersk": {
      "inputs": {
        "nixpkgs": [
          "rnix-lsp",
          "nixpkgs"
        ]
      },
      "locked": {
        "lastModified": 1655042882,
        "narHash": "sha256-9BX8Fuez5YJlN7cdPO63InoyBy7dm3VlJkkmTt6fS1A=",
        "owner": "nix-community",
        "repo": "naersk",
        "rev": "cddffb5aa211f50c4b8750adbec0bbbdfb26bb9f",
        "type": "github"
      },
      "original": {
        "owner": "nix-community",
        "repo": "naersk",
        "type": "github"
      }
    },
    "nixlib": {
      "locked": {
        "lastModified": 1636849918,
        "narHash": "sha256-nzUK6dPcTmNVrgTAC1EOybSMsrcx+QrVPyqRdyKLkjA=",
        "owner": "nix-community",
        "repo": "nixpkgs.lib",
        "rev": "28a5b0557f14124608db68d3ee1f77e9329e9dd5",
        "type": "github"
      },
      "original": {
        "owner": "nix-community",
        "repo": "nixpkgs.lib",
        "type": "github"
      }
    },
    "nixos-generators": {
      "inputs": {
        "nixlib": "nixlib",
        "nixpkgs": [
          "nixpkgs"
        ]
      },
      "locked": {
        "lastModified": 1672682641,
        "narHash": "sha256-940TLvtdT8YKuP5nXcPhUfNeK0A/leSjjG8hfqvWM84=",
        "owner": "nix-community",
        "repo": "nixos-generators",
        "rev": "30516cb2b01896e14ce66893e414b6e3eec71cac",
        "type": "github"
      },
      "original": {
        "owner": "nix-community",
        "repo": "nixos-generators",
        "type": "github"
      }
    },
    "nixpkgs": {
      "locked": {
        "lastModified": 1672170105,
        "narHash": "sha256-RabUtQyG7VCTlWgSu8/nzfF48sWaoO9xAPpRRoVDd18=",
        "owner": "NixOS",
        "repo": "nixpkgs",
        "rev": "619a61fcfde0cce679708b8644d136e455e84eac",
        "type": "github"
      },
      "original": {
        "id": "nixpkgs",
        "ref": "nixos-22.11",
        "type": "indirect"
      }
    },
    "rnix-lsp": {
      "inputs": {
        "naersk": "naersk",
        "nixpkgs": [
          "nixpkgs"
        ],
        "utils": [
          "flake-utils"
        ]
      },
      "locked": {
        "lastModified": 1669555118,
        "narHash": "sha256-F0s0m62S5bHNVWNHLZD6SeHiLrsDx98VQbRjDyIu+qQ=",
        "owner": "nix-community",
        "repo": "rnix-lsp",
        "rev": "95d40673fe43642e2e1144341e86d0036abd95d9",
        "type": "github"
      },
      "original": {
        "owner": "nix-community",
        "repo": "rnix-lsp",
        "type": "github"
      }
    },
    "root": {
      "inputs": {
        "agenix": "agenix",
        "authfish": "authfish",
        "darwin": "darwin",
        "flake-utils": "flake-utils",
        "home-manager": "home-manager",
        "homeage": "homeage",
        "nixos-generators": "nixos-generators",
        "nixpkgs": "nixpkgs",
        "rnix-lsp": "rnix-lsp"
      }
    }
  },
  "root": "root",
  "version": 7
}
